// !$*UTF8*$!
{
	archiveVersion = 1;
	classes = {
	};
	objectVersion = 55;
	objects = {

/* Begin PBXBuildFile section */
		842D22BE274663E4004B9B06 /* MyFavLib.docc in Sources */ = {isa = PBXBuildFile; fileRef = 842D22BD274663E4004B9B06 /* MyFavLib.docc */; };
		842D22BF274663E4004B9B06 /* MyFavLib.h in Headers */ = {isa = PBXBuildFile; fileRef = 842D22BC274663E4004B9B06 /* MyFavLib.h */; settings = {ATTRIBUTES = (Public, ); }; };
		842D22D227466673004B9B06 /* CustomDateFormatter.swift in Sources */ = {isa = PBXBuildFile; fileRef = 842D22D127466673004B9B06 /* CustomDateFormatter.swift */; };
		842D22D427466695004B9B06 /* String+Extensions.swift in Sources */ = {isa = PBXBuildFile; fileRef = 842D22D327466695004B9B06 /* String+Extensions.swift */; };
		842D22DF2746810C004B9B06 /* Request.swift in Sources */ = {isa = PBXBuildFile; fileRef = 842D22DE2746810C004B9B06 /* Request.swift */; };
		842D22E5274687EB004B9B06 /* URLComponents.swift in Sources */ = {isa = PBXBuildFile; fileRef = 842D22E4274687EB004B9B06 /* URLComponents.swift */; };
		914A3A850DAE320B44695958 /* Pods_MyFavLib.framework in Frameworks */ = {isa = PBXBuildFile; fileRef = 8C5CEFBD05CE68DED36ED1F0 /* Pods_MyFavLib.framework */; };
/* End PBXBuildFile section */

/* Begin PBXFileReference section */
		4A846577FBA811A56EC3F793 /* Pods-MyFavLib.release.xcconfig */ = {isa = PBXFileReference; includeInIndex = 1; lastKnownFileType = text.xcconfig; name = "Pods-MyFavLib.release.xcconfig"; path = "Target Support Files/Pods-MyFavLib/Pods-MyFavLib.release.xcconfig"; sourceTree = "<group>"; };
		6BF9DDDEA63D6A7F4F60D26C /* Pods-MyFavLib.debug.xcconfig */ = {isa = PBXFileReference; includeInIndex = 1; lastKnownFileType = text.xcconfig; name = "Pods-MyFavLib.debug.xcconfig"; path = "Target Support Files/Pods-MyFavLib/Pods-MyFavLib.debug.xcconfig"; sourceTree = "<group>"; };
		842D22B9274663E4004B9B06 /* MyFavLib.framework */ = {isa = PBXFileReference; explicitFileType = wrapper.framework; includeInIndex = 0; path = MyFavLib.framework; sourceTree = BUILT_PRODUCTS_DIR; };
		842D22BC274663E4004B9B06 /* MyFavLib.h */ = {isa = PBXFileReference; lastKnownFileType = sourcecode.c.h; path = MyFavLib.h; sourceTree = "<group>"; };
		842D22BD274663E4004B9B06 /* MyFavLib.docc */ = {isa = PBXFileReference; lastKnownFileType = folder.documentationcatalog; path = MyFavLib.docc; sourceTree = "<group>"; };
		842D22D127466673004B9B06 /* CustomDateFormatter.swift */ = {isa = PBXFileReference; lastKnownFileType = sourcecode.swift; path = CustomDateFormatter.swift; sourceTree = "<group>"; };
		842D22D327466695004B9B06 /* String+Extensions.swift */ = {isa = PBXFileReference; lastKnownFileType = sourcecode.swift; path = "String+Extensions.swift"; sourceTree = "<group>"; };
		842D22DE2746810C004B9B06 /* Request.swift */ = {isa = PBXFileReference; lastKnownFileType = sourcecode.swift; path = Request.swift; sourceTree = "<group>"; };
		842D22E4274687EB004B9B06 /* URLComponents.swift */ = {isa = PBXFileReference; lastKnownFileType = sourcecode.swift; path = URLComponents.swift; sourceTree = "<group>"; };
		8C5CEFBD05CE68DED36ED1F0 /* Pods_MyFavLib.framework */ = {isa = PBXFileReference; explicitFileType = wrapper.framework; includeInIndex = 0; path = Pods_MyFavLib.framework; sourceTree = BUILT_PRODUCTS_DIR; };
/* End PBXFileReference section */

/* Begin PBXFrameworksBuildPhase section */
		842D22B6274663E4004B9B06 /* Frameworks */ = {
			isa = PBXFrameworksBuildPhase;
			buildActionMask = 2147483647;
			files = (
				914A3A850DAE320B44695958 /* Pods_MyFavLib.framework in Frameworks */,
			);
			runOnlyForDeploymentPostprocessing = 0;
		};
/* End PBXFrameworksBuildPhase section */

/* Begin PBXGroup section */
		842D22AF274663E4004B9B06 = {
			isa = PBXGroup;
			children = (
				842D22BB274663E4004B9B06 /* MyFavLib */,
				842D22BA274663E4004B9B06 /* Products */,
				D4A9DD59B5A386CBB92B2339 /* Pods */,
				EBDF08E40B6F20505D45EC03 /* Frameworks */,
			);
			sourceTree = "<group>";
		};
		842D22BA274663E4004B9B06 /* Products */ = {
			isa = PBXGroup;
			children = (
				842D22B9274663E4004B9B06 /* MyFavLib.framework */,
			);
			name = Products;
			sourceTree = "<group>";
		};
		842D22BB274663E4004B9B06 /* MyFavLib */ = {
			isa = PBXGroup;
			children = (
				842D22C527466488004B9B06 /* Source */,
				842D22BC274663E4004B9B06 /* MyFavLib.h */,
				842D22BD274663E4004B9B06 /* MyFavLib.docc */,
			);
			path = MyFavLib;
			sourceTree = "<group>";
		};
		842D22C527466488004B9B06 /* Source */ = {
			isa = PBXGroup;
			children = (
				842D22D127466673004B9B06 /* CustomDateFormatter.swift */,
				842D22D327466695004B9B06 /* String+Extensions.swift */,
				842D22D52746766A004B9B06 /* Network */,
			);
			path = Source;
			sourceTree = "<group>";
		};
		842D22D52746766A004B9B06 /* Network */ = {
			isa = PBXGroup;
			children = (
				842D22DE2746810C004B9B06 /* Request.swift */,
				842D22E4274687EB004B9B06 /* URLComponents.swift */,
			);
			path = Network;
			sourceTree = "<group>";
		};
		D4A9DD59B5A386CBB92B2339 /* Pods */ = {
			isa = PBXGroup;
			children = (
				6BF9DDDEA63D6A7F4F60D26C /* Pods-MyFavLib.debug.xcconfig */,
				4A846577FBA811A56EC3F793 /* Pods-MyFavLib.release.xcconfig */,
			);
			path = Pods;
			sourceTree = "<group>";
		};
		EBDF08E40B6F20505D45EC03 /* Frameworks */ = {
			isa = PBXGroup;
			children = (
				8C5CEFBD05CE68DED36ED1F0 /* Pods_MyFavLib.framework */,
			);
			name = Frameworks;
			sourceTree = "<group>";
		};
/* End PBXGroup section */

/* Begin PBXHeadersBuildPhase section */
		842D22B4274663E4004B9B06 /* Headers */ = {
			isa = PBXHeadersBuildPhase;
			buildActionMask = 2147483647;
			files = (
				842D22BF274663E4004B9B06 /* MyFavLib.h in Headers */,
			);
			runOnlyForDeploymentPostprocessing = 0;
		};
/* End PBXHeadersBuildPhase section */

/* Begin PBXNativeTarget section */
		842D22B8274663E4004B9B06 /* MyFavLib */ = {
			isa = PBXNativeTarget;
			buildConfigurationList = 842D22C2274663E4004B9B06 /* Build configuration list for PBXNativeTarget "MyFavLib" */;
			buildPhases = (
				44FD726ECE4E2C71093F253D /* [CP] Check Pods Manifest.lock */,
				842D22B4274663E4004B9B06 /* Headers */,
				842D22B5274663E4004B9B06 /* Sources */,
				842D22B6274663E4004B9B06 /* Frameworks */,
				842D22B7274663E4004B9B06 /* Resources */,
			);
			buildRules = (
			);
			dependencies = (
			);
			name = MyFavLib;
			productName = MyFavLib;
			productReference = 842D22B9274663E4004B9B06 /* MyFavLib.framework */;
			productType = "com.apple.product-type.framework";
		};
/* End PBXNativeTarget section */

/* Begin PBXProject section */
		842D22B0274663E4004B9B06 /* Project object */ = {
			isa = PBXProject;
			attributes = {
				BuildIndependentTargetsInParallel = 1;
				LastUpgradeCheck = 1310;
				TargetAttributes = {
					842D22B8274663E4004B9B06 = {
						CreatedOnToolsVersion = 13.1;
					};
				};
			};
			buildConfigurationList = 842D22B3274663E4004B9B06 /* Build configuration list for PBXProject "MyFavLib" */;
			compatibilityVersion = "Xcode 13.0";
			developmentRegion = en;
			hasScannedForEncodings = 0;
			knownRegions = (
				en,
				Base,
			);
			mainGroup = 842D22AF274663E4004B9B06;
			productRefGroup = 842D22BA274663E4004B9B06 /* Products */;
			projectDirPath = "";
			projectRoot = "";
			targets = (
				842D22B8274663E4004B9B06 /* MyFavLib */,
			);
		};
/* End PBXProject section */

/* Begin PBXResourcesBuildPhase section */
		842D22B7274663E4004B9B06 /* Resources */ = {
			isa = PBXResourcesBuildPhase;
			buildActionMask = 2147483647;
			files = (
			);
			runOnlyForDeploymentPostprocessing = 0;
		};
/* End PBXResourcesBuildPhase section */

/* Begin PBXShellScriptBuildPhase section */
		44FD726ECE4E2C71093F253D /* [CP] Check Pods Manifest.lock */ = {
			isa = PBXShellScriptBuildPhase;
			buildActionMask = 2147483647;
			files = (
			);
			inputFileListPaths = (
			);
			inputPaths = (
				"${PODS_PODFILE_DIR_PATH}/Podfile.lock",
				"${PODS_ROOT}/Manifest.lock",
			);
			name = "[CP] Check Pods Manifest.lock";
			outputFileListPaths = (
			);
			outputPaths = (
				"$(DERIVED_FILE_DIR)/Pods-MyFavLib-checkManifestLockResult.txt",
			);
			runOnlyForDeploymentPostprocessing = 0;
			shellPath = /bin/sh;
			shellScript = "diff \"${PODS_PODFILE_DIR_PATH}/Podfile.lock\" \"${PODS_ROOT}/Manifest.lock\" > /dev/null\nif [ $? != 0 ] ; then\n    # print error to STDERR\n    echo \"error: The sandbox is not in sync with the Podfile.lock. Run 'pod install' or update your CocoaPods installation.\" >&2\n    exit 1\nfi\n# This output is used by Xcode 'outputs' to avoid re-running this script phase.\necho \"SUCCESS\" > \"${SCRIPT_OUTPUT_FILE_0}\"\n";
			showEnvVarsInLog = 0;
		};
/* End PBXShellScriptBuildPhase section */

/* Begin PBXSourcesBuildPhase section */
		842D22B5274663E4004B9B06 /* Sources */ = {
			isa = PBXSourcesBuildPhase;
			buildActionMask = 2147483647;
			files = (
				842D22E5274687EB004B9B06 /* URLComponents.swift in Sources */,
				842D22BE274663E4004B9B06 /* MyFavLib.docc in Sources */,
				842D22DF2746810C004B9B06 /* Request.swift in Sources */,
				842D22D427466695004B9B06 /* String+Extensions.swift in Sources */,
				842D22D227466673004B9B06 /* CustomDateFormatter.swift in Sources */,
			);
			runOnlyForDeploymentPostprocessing = 0;
		};
/* End PBXSourcesBuildPhase section */

/* Begin XCBuildConfiguration section */
		842D22C0274663E4004B9B06 /* Debug */ = {
			isa = XCBuildConfiguration;
			buildSettings = {
				ALWAYS_SEARCH_USER_PATHS = NO;
				CLANG_ANALYZER_NONNULL = YES;
				CLANG_ANALYZER_NUMBER_OBJECT_CONVERSION = YES_AGGRESSIVE;
				CLANG_CXX_LANGUAGE_STANDARD = "gnu++17";
				CLANG_CXX_LIBRARY = "libc++";
				CLANG_ENABLE_MODULES = YES;
				CLANG_ENABLE_OBJC_ARC = YES;
				CLANG_ENABLE_OBJC_WEAK = YES;
				CLANG_WARN_BLOCK_CAPTURE_AUTORELEASING = YES;
				CLANG_WARN_BOOL_CONVERSION = YES;
				CLANG_WARN_COMMA = YES;
				CLANG_WARN_CONSTANT_CONVERSION = YES;
				CLANG_WARN_DEPRECATED_OBJC_IMPLEMENTATIONS = YES;
				CLANG_WARN_DIRECT_OBJC_ISA_USAGE = YES_ERROR;
				CLANG_WARN_DOCUMENTATION_COMMENTS = YES;
				CLANG_WARN_EMPTY_BODY = YES;
				CLANG_WARN_ENUM_CONVERSION = YES;
				CLANG_WARN_INFINITE_RECURSION = YES;
				CLANG_WARN_INT_CONVERSION = YES;
				CLANG_WARN_NON_LITERAL_NULL_CONVERSION = YES;
				CLANG_WARN_OBJC_IMPLICIT_RETAIN_SELF = YES;
				CLANG_WARN_OBJC_LITERAL_CONVERSION = YES;
				CLANG_WARN_OBJC_ROOT_CLASS = YES_ERROR;
				CLANG_WARN_QUOTED_INCLUDE_IN_FRAMEWORK_HEADER = YES;
				CLANG_WARN_RANGE_LOOP_ANALYSIS = YES;
				CLANG_WARN_STRICT_PROTOTYPES = YES;
				CLANG_WARN_SUSPICIOUS_MOVE = YES;
				CLANG_WARN_UNGUARDED_AVAILABILITY = YES_AGGRESSIVE;
				CLANG_WARN_UNREACHABLE_CODE = YES;
				CLANG_WARN__DUPLICATE_METHOD_MATCH = YES;
				COPY_PHASE_STRIP = NO;
				CURRENT_PROJECT_VERSION = 0.2.0;
				DEBUG_INFORMATION_FORMAT = dwarf;
				ENABLE_STRICT_OBJC_MSGSEND = YES;
				ENABLE_TESTABILITY = YES;
				GCC_C_LANGUAGE_STANDARD = gnu11;
				GCC_DYNAMIC_NO_PIC = NO;
				GCC_NO_COMMON_BLOCKS = YES;
				GCC_OPTIMIZATION_LEVEL = 0;
				GCC_PREPROCESSOR_DEFINITIONS = (
					"DEBUG=1",
					"$(inherited)",
				);
				GCC_WARN_64_TO_32_BIT_CONVERSION = YES;
				GCC_WARN_ABOUT_RETURN_TYPE = YES_ERROR;
				GCC_WARN_UNDECLARED_SELECTOR = YES;
				GCC_WARN_UNINITIALIZED_AUTOS = YES_AGGRESSIVE;
				GCC_WARN_UNUSED_FUNCTION = YES;
				GCC_WARN_UNUSED_VARIABLE = YES;
				IPHONEOS_DEPLOYMENT_TARGET = 15.0;
				MTL_ENABLE_DEBUG_INFO = INCLUDE_SOURCE;
				MTL_FAST_MATH = YES;
				ONLY_ACTIVE_ARCH = YES;
				SDKROOT = iphoneos;
				SWIFT_ACTIVE_COMPILATION_CONDITIONS = DEBUG;
				SWIFT_OPTIMIZATION_LEVEL = "-Onone";
				VERSIONING_SYSTEM = "apple-generic";
				VERSION_INFO_PREFIX = "";
			};
			name = Debug;
		};
		842D22C1274663E4004B9B06 /* Release */ = {
			isa = XCBuildConfiguration;
			buildSettings = {
				ALWAYS_SEARCH_USER_PATHS = NO;
				CLANG_ANALYZER_NONNULL = YES;
				CLANG_ANALYZER_NUMBER_OBJECT_CONVERSION = YES_AGGRESSIVE;
				CLANG_CXX_LANGUAGE_STANDARD = "gnu++17";
				CLANG_CXX_LIBRARY = "libc++";
				CLANG_ENABLE_MODULES = YES;
				CLANG_ENABLE_OBJC_ARC = YES;
				CLANG_ENABLE_OBJC_WEAK = YES;
				CLANG_WARN_BLOCK_CAPTURE_AUTORELEASING = YES;
				CLANG_WARN_BOOL_CONVERSION = YES;
				CLANG_WARN_COMMA = YES;
				CLANG_WARN_CONSTANT_CONVERSION = YES;
				CLANG_WARN_DEPRECATED_OBJC_IMPLEMENTATIONS = YES;
				CLANG_WARN_DIRECT_OBJC_ISA_USAGE = YES_ERROR;
				CLANG_WARN_DOCUMENTATION_COMMENTS = YES;
				CLANG_WARN_EMPTY_BODY = YES;
				CLANG_WARN_ENUM_CONVERSION = YES;
				CLANG_WARN_INFINITE_RECURSION = YES;
				CLANG_WARN_INT_CONVERSION = YES;
				CLANG_WARN_NON_LITERAL_NULL_CONVERSION = YES;
				CLANG_WARN_OBJC_IMPLICIT_RETAIN_SELF = YES;
				CLANG_WARN_OBJC_LITERAL_CONVERSION = YES;
				CLANG_WARN_OBJC_ROOT_CLASS = YES_ERROR;
				CLANG_WARN_QUOTED_INCLUDE_IN_FRAMEWORK_HEADER = YES;
				CLANG_WARN_RANGE_LOOP_ANALYSIS = YES;
				CLANG_WARN_STRICT_PROTOTYPES = YES;
				CLANG_WARN_SUSPICIOUS_MOVE = YES;
				CLANG_WARN_UNGUARDED_AVAILABILITY = YES_AGGRESSIVE;
				CLANG_WARN_UNREACHABLE_CODE = YES;
				CLANG_WARN__DUPLICATE_METHOD_MATCH = YES;
				COPY_PHASE_STRIP = NO;
				CURRENT_PROJECT_VERSION = 0.2.0;
				DEBUG_INFORMATION_FORMAT = "dwarf-with-dsym";
				ENABLE_NS_ASSERTIONS = NO;
				ENABLE_STRICT_OBJC_MSGSEND = YES;
				GCC_C_LANGUAGE_STANDARD = gnu11;
				GCC_NO_COMMON_BLOCKS = YES;
				GCC_WARN_64_TO_32_BIT_CONVERSION = YES;
				GCC_WARN_ABOUT_RETURN_TYPE = YES_ERROR;
				GCC_WARN_UNDECLARED_SELECTOR = YES;
				GCC_WARN_UNINITIALIZED_AUTOS = YES_AGGRESSIVE;
				GCC_WARN_UNUSED_FUNCTION = YES;
				GCC_WARN_UNUSED_VARIABLE = YES;
				IPHONEOS_DEPLOYMENT_TARGET = 15.0;
				MTL_ENABLE_DEBUG_INFO = NO;
				MTL_FAST_MATH = YES;
				SDKROOT = iphoneos;
				SWIFT_COMPILATION_MODE = wholemodule;
				SWIFT_OPTIMIZATION_LEVEL = "-O";
				VALIDATE_PRODUCT = YES;
				VERSIONING_SYSTEM = "apple-generic";
				VERSION_INFO_PREFIX = "";
			};
			name = Release;
		};
		842D22C3274663E4004B9B06 /* Debug */ = {
			isa = XCBuildConfiguration;
			baseConfigurationReference = 6BF9DDDEA63D6A7F4F60D26C /* Pods-MyFavLib.debug.xcconfig */;
			buildSettings = {
				CODE_SIGN_STYLE = Automatic;
				CURRENT_PROJECT_VERSION = 0.2.0;
				DEFINES_MODULE = YES;
				DEVELOPMENT_TEAM = H4HBWJV56K;
				DYLIB_COMPATIBILITY_VERSION = 0.2.0;
				DYLIB_CURRENT_VERSION = 0.2.0;
				DYLIB_INSTALL_NAME_BASE = "@rpath";
				GENERATE_INFOPLIST_FILE = YES;
				INFOPLIST_KEY_NSHumanReadableCopyright = "";
				INSTALL_PATH = "$(LOCAL_LIBRARY_DIR)/Frameworks";
				LD_RUNPATH_SEARCH_PATHS = (
					"$(inherited)",
					"@executable_path/Frameworks",
					"@loader_path/Frameworks",
				);
				MARKETING_VERSION = 0.2.0;
				PRODUCT_BUNDLE_IDENTIFIER = miguelbs.com.MyFavLib;
				PRODUCT_NAME = "$(TARGET_NAME:c99extidentifier)";
				SKIP_INSTALL = YES;
				SWIFT_EMIT_LOC_STRINGS = YES;
				SWIFT_VERSION = 5.0;
				TARGETED_DEVICE_FAMILY = "1,2";
			};
			name = Debug;
		};
		842D22C4274663E4004B9B06 /* Release */ = {
			isa = XCBuildConfiguration;
			baseConfigurationReference = 4A846577FBA811A56EC3F793 /* Pods-MyFavLib.release.xcconfig */;
			buildSettings = {
				CODE_SIGN_STYLE = Automatic;
				CURRENT_PROJECT_VERSION = 0.2.0;
				DEFINES_MODULE = YES;
				DEVELOPMENT_TEAM = H4HBWJV56K;
				DYLIB_COMPATIBILITY_VERSION = 0.2.0;
				DYLIB_CURRENT_VERSION = 0.2.0;
				DYLIB_INSTALL_NAME_BASE = "@rpath";
				GENERATE_INFOPLIST_FILE = YES;
				INFOPLIST_KEY_NSHumanReadableCopyright = "";
				INSTALL_PATH = "$(LOCAL_LIBRARY_DIR)/Frameworks";
				LD_RUNPATH_SEARCH_PATHS = (
					"$(inherited)",
					"@executable_path/Frameworks",
					"@loader_path/Frameworks",
				);
				MARKETING_VERSION = 0.2.0;
				PRODUCT_BUNDLE_IDENTIFIER = miguelbs.com.MyFavLib;
				PRODUCT_NAME = "$(TARGET_NAME:c99extidentifier)";
				SKIP_INSTALL = YES;
				SWIFT_EMIT_LOC_STRINGS = YES;
				SWIFT_VERSION = 5.0;
				TARGETED_DEVICE_FAMILY = "1,2";
			};
			name = Release;
		};
/* End XCBuildConfiguration section */

/* Begin XCConfigurationList section */
		842D22B3274663E4004B9B06 /* Build configuration list for PBXProject "MyFavLib" */ = {
			isa = XCConfigurationList;
			buildConfigurations = (
				842D22C0274663E4004B9B06 /* Debug */,
				842D22C1274663E4004B9B06 /* Release */,
			);
			defaultConfigurationIsVisible = 0;
			defaultConfigurationName = Release;
		};
		842D22C2274663E4004B9B06 /* Build configuration list for PBXNativeTarget "MyFavLib" */ = {
			isa = XCConfigurationList;
			buildConfigurations = (
				842D22C3274663E4004B9B06 /* Debug */,
				842D22C4274663E4004B9B06 /* Release */,
			);
			defaultConfigurationIsVisible = 0;
			defaultConfigurationName = Release;
		};
/* End XCConfigurationList section */
	};
	rootObject = 842D22B0274663E4004B9B06 /* Project object */;
}
